
Microsoft Visual Studio Solution File, Format Version 12.00
# Visual Studio Version 16
VisualStudioVersion = 16.0.31727.386
MinimumVisualStudioVersion = 10.0.40219.1
Project("{FAE04EC0-301F-11D3-BF4B-00C04F79EFBC}") = "Revit4_2", "Revit4_2\Revit4_2.csproj", "{2057CAE0-4AA5-4959-90AB-4095A96E0A76}"
EndProject
Global
	GlobalSection(SolutionConfigurationPlatforms) = preSolution
		Debug|Any CPU = Debug|Any CPU
		Release|Any CPU = Release|Any CPU
	EndGlobalSection
	GlobalSection(ProjectConfigurationPlatforms) = postSolution
		{2057CAE0-4AA5-4959-90AB-4095A96E0A76}.Debug|Any CPU.ActiveCfg = Debug|Any CPU
		{2057CAE0-4AA5-4959-90AB-4095A96E0A76}.Debug|Any CPU.Build.0 = Debug|Any CPU
		{2057CAE0-4AA5-4959-90AB-4095A96E0A76}.Release|Any CPU.ActiveCfg = Release|Any CPU
		{2057CAE0-4AA5-4959-90AB-4095A96E0A76}.Release|Any CPU.Build.0 = Release|Any CPU
	EndGlobalSection
	GlobalSection(SolutionProperties) = preSolution
		HideSolutionNode = FALSE
	EndGlobalSection
	GlobalSection(ExtensibilityGlobals) = postSolution
		SolutionGuid = {9CDBA7DF-A06C-4CF7-B0EE-5F5C2AB3B45C}
	EndGlobalSection
EndGlobal
